
Microsoft Visual Studio Solution File, Format Version 12.00
# Visual Studio Version 17
VisualStudioVersion = 17.0.32014.148
MinimumVisualStudioVersion = 10.0.40219.1
Project("{FAE04EC0-301F-11D3-BF4B-00C04F79EFBC}") = "prueba_GhA", "prueba_GhA\prueba_GhA.csproj", "{8B348915-B341-4F54-8B57-79F1EFF99EEF}"
EndProject
Global
	GlobalSection(SolutionConfigurationPlatforms) = preSolution
		Debug|Any CPU = Debug|Any CPU
		Release|Any CPU = Release|Any CPU
	EndGlobalSection
	GlobalSection(ProjectConfigurationPlatforms) = postSolution
		{8B348915-B341-4F54-8B57-79F1EFF99EEF}.Debug|Any CPU.ActiveCfg = Debug|Any CPU
		{8B348915-B341-4F54-8B57-79F1EFF99EEF}.Debug|Any CPU.Build.0 = Debug|Any CPU
		{8B348915-B341-4F54-8B57-79F1EFF99EEF}.Release|Any CPU.ActiveCfg = Release|Any CPU
		{8B348915-B341-4F54-8B57-79F1EFF99EEF}.Release|Any CPU.Build.0 = Release|Any CPU
	EndGlobalSection
	GlobalSection(SolutionProperties) = preSolution
		HideSolutionNode = FALSE
	EndGlobalSection
	GlobalSection(ExtensibilityGlobals) = postSolution
		SolutionGuid = {9F1AEA54-C0B4-44ED-8ADA-3AA8EFCFE43E}
	EndGlobalSection
EndGlobal
